Microsoft Visual Studio Solution File, Format Version 11.00
# Visual Studio 2008

Project("{1F49F770-ADC6-C846-29F5-0CE3CA2A2109}") = "Rome", "Assembly-CSharp.csproj", "{B64E154B-B1B3-6675-9A45-B08FF911CEB9}"
EndProject
Project("{1F49F770-ADC6-C846-29F5-0CE3CA2A2109}") = "Rome", "Assembly-CSharp-Editor.csproj", "{EA631977-6C5D-A535-EC4E-804EF00BFEEC}"
EndProject
Global
	GlobalSection(SolutionConfigurationPlatforms) = preSolution
		Debug|Any CPU = Debug|Any CPU
		Release|Any CPU = Release|Any CPU
	EndGlobalSection
	GlobalSection(ProjectConfigurationPlatforms) = postSolution
		{B64E154B-B1B3-6675-9A45-B08FF911CEB9}.Debug|Any CPU.ActiveCfg = Debug|Any CPU
		{B64E154B-B1B3-6675-9A45-B08FF911CEB9}.Debug|Any CPU.Build.0 = Debug|Any CPU
		{B64E154B-B1B3-6675-9A45-B08FF911CEB9}.Release|Any CPU.ActiveCfg = Release|Any CPU
		{B64E154B-B1B3-6675-9A45-B08FF911CEB9}.Release|Any CPU.Build.0 = Release|Any CPU
		{EA631977-6C5D-A535-EC4E-804EF00BFEEC}.Debug|Any CPU.ActiveCfg = Debug|Any CPU
		{EA631977-6C5D-A535-EC4E-804EF00BFEEC}.Debug|Any CPU.Build.0 = Debug|Any CPU
		{EA631977-6C5D-A535-EC4E-804EF00BFEEC}.Release|Any CPU.ActiveCfg = Release|Any CPU
		{EA631977-6C5D-A535-EC4E-804EF00BFEEC}.Release|Any CPU.Build.0 = Release|Any CPU
	EndGlobalSection
	GlobalSection(SolutionProperties) = preSolution
		HideSolutionNode = FALSE
	EndGlobalSection
				GlobalSection(MonoDevelopProperties) = preSolution
		StartupItem = Assembly-CSharp.csproj
		Policies = $0
		$0.TextStylePolicy = $1
		$1.inheritsSet = null
		$1.scope = text/x-csharp
		$0.CSharpFormattingPolicy = $2
		$2.inheritsSet = Mono
		$2.inheritsScope = text/x-csharp
		$2.scope = text/x-csharp
		$0.TextStylePolicy = $3
		$3.FileWidth = 120
		$3.TabWidth = 4
		$3.IndentWidth = 4
		$3.EolMarker = Unix
		$3.inheritsSet = Mono
		$3.inheritsScope = text/plain
		$3.scope = text/plain
	EndGlobalSection

EndGlobal
